// !$*UTF8*$!
{
	archiveVersion = 1;
	classes = {
	};
	objectVersion = 56;
	objects = {

/* Begin PBXBuildFile section */
		E9C28CDD29C4A75A00BE6D44 /* SB_Park_CardApp.swift in Sources */ = {isa = PBXBuildFile; fileRef = E9C28CDC29C4A75A00BE6D44 /* SB_Park_CardApp.swift */; };
		E9C28CDF29C4A75A00BE6D44 /* ContentView.swift in Sources */ = {isa = PBXBuildFile; fileRef = E9C28CDE29C4A75A00BE6D44 /* ContentView.swift */; };
		E9C28CE129C4A75B00BE6D44 /* Assets.xcassets in Resources */ = {isa = PBXBuildFile; fileRef = E9C28CE029C4A75B00BE6D44 /* Assets.xcassets */; };
		E9C28CE429C4A75B00BE6D44 /* Preview Assets.xcassets in Resources */ = {isa = PBXBuildFile; fileRef = E9C28CE329C4A75B00BE6D44 /* Preview Assets.xcassets */; };
		E9C28CEB29C4A9D500BE6D44 /* Constants.swift in Sources */ = {isa = PBXBuildFile; fileRef = E9C28CEA29C4A9D500BE6D44 /* Constants.swift */; };
		E9C28CEE29C4B1BB00BE6D44 /* SingleDay-Regular.ttf in Resources */ = {isa = PBXBuildFile; fileRef = E9C28CED29C4B1BB00BE6D44 /* SingleDay-Regular.ttf */; };
		E9C28CF129C535D400BE6D44 /* Pacifico-Regular.ttf in Resources */ = {isa = PBXBuildFile; fileRef = E9C28CF029C535D400BE6D44 /* Pacifico-Regular.ttf */; };
		E9C28CF429C5540200BE6D44 /* InfoView.swift in Sources */ = {isa = PBXBuildFile; fileRef = E9C28CF329C5540200BE6D44 /* InfoView.swift */; };
/* End PBXBuildFile section */

/* Begin PBXFileReference section */
		E9C28CD929C4A75A00BE6D44 /* SB-Park-Card.app */ = {isa = PBXFileReference; explicitFileType = wrapper.application; includeInIndex = 0; path = "SB-Park-Card.app"; sourceTree = BUILT_PRODUCTS_DIR; };
		E9C28CDC29C4A75A00BE6D44 /* SB_Park_CardApp.swift */ = {isa = PBXFileReference; lastKnownFileType = sourcecode.swift; path = SB_Park_CardApp.swift; sourceTree = "<group>"; };
		E9C28CDE29C4A75A00BE6D44 /* ContentView.swift */ = {isa = PBXFileReference; lastKnownFileType = sourcecode.swift; path = ContentView.swift; sourceTree = "<group>"; };
		E9C28CE029C4A75B00BE6D44 /* Assets.xcassets */ = {isa = PBXFileReference; lastKnownFileType = folder.assetcatalog; path = Assets.xcassets; sourceTree = "<group>"; };
		E9C28CE329C4A75B00BE6D44 /* Preview Assets.xcassets */ = {isa = PBXFileReference; lastKnownFileType = folder.assetcatalog; path = "Preview Assets.xcassets"; sourceTree = "<group>"; };
		E9C28CEA29C4A9D500BE6D44 /* Constants.swift */ = {isa = PBXFileReference; lastKnownFileType = sourcecode.swift; path = Constants.swift; sourceTree = "<group>"; };
		E9C28CED29C4B1BB00BE6D44 /* SingleDay-Regular.ttf */ = {isa = PBXFileReference; lastKnownFileType = file; name = "SingleDay-Regular.ttf"; path = "../../../../../Downloads/Single_Day/SingleDay-Regular.ttf"; sourceTree = "<group>"; };
		E9C28CF029C535D400BE6D44 /* Pacifico-Regular.ttf */ = {isa = PBXFileReference; lastKnownFileType = file; name = "Pacifico-Regular.ttf"; path = "../../../../../Downloads/Pacifico/Pacifico-Regular.ttf"; sourceTree = "<group>"; };
		E9C28CF329C5540200BE6D44 /* InfoView.swift */ = {isa = PBXFileReference; lastKnownFileType = sourcecode.swift; path = InfoView.swift; sourceTree = "<group>"; };
/* End PBXFileReference section */

/* Begin PBXFrameworksBuildPhase section */
		E9C28CD629C4A75A00BE6D44 /* Frameworks */ = {
			isa = PBXFrameworksBuildPhase;
			buildActionMask = 2147483647;
			files = (
			);
			runOnlyForDeploymentPostprocessing = 0;
		};
/* End PBXFrameworksBuildPhase section */

/* Begin PBXGroup section */
		E9C28CD029C4A75A00BE6D44 = {
			isa = PBXGroup;
			children = (
				E9C28CDB29C4A75A00BE6D44 /* SB-Park-Card */,
				E9C28CDA29C4A75A00BE6D44 /* Products */,
			);
			sourceTree = "<group>";
		};
		E9C28CDA29C4A75A00BE6D44 /* Products */ = {
			isa = PBXGroup;
			children = (
				E9C28CD929C4A75A00BE6D44 /* SB-Park-Card.app */,
			);
			name = Products;
			sourceTree = "<group>";
		};
		E9C28CDB29C4A75A00BE6D44 /* SB-Park-Card */ = {
			isa = PBXGroup;
			children = (
				E9C28CF229C553EA00BE6D44 /* components */,
				E9C28CEC29C4B1AF00BE6D44 /* fonts */,
				E9C28CDC29C4A75A00BE6D44 /* SB_Park_CardApp.swift */,
				E9C28CDE29C4A75A00BE6D44 /* ContentView.swift */,
				E9C28CE029C4A75B00BE6D44 /* Assets.xcassets */,
				E9C28CE229C4A75B00BE6D44 /* Preview Content */,
				E9C28CEA29C4A9D500BE6D44 /* Constants.swift */,
			);
			path = "SB-Park-Card";
			sourceTree = "<group>";
		};
		E9C28CE229C4A75B00BE6D44 /* Preview Content */ = {
			isa = PBXGroup;
			children = (
				E9C28CE329C4A75B00BE6D44 /* Preview Assets.xcassets */,
			);
			path = "Preview Content";
			sourceTree = "<group>";
		};
		E9C28CEC29C4B1AF00BE6D44 /* fonts */ = {
			isa = PBXGroup;
			children = (
				E9C28CF029C535D400BE6D44 /* Pacifico-Regular.ttf */,
				E9C28CED29C4B1BB00BE6D44 /* SingleDay-Regular.ttf */,
			);
			path = fonts;
			sourceTree = "<group>";
		};
		E9C28CF229C553EA00BE6D44 /* components */ = {
			isa = PBXGroup;
			children = (
				E9C28CF329C5540200BE6D44 /* InfoView.swift */,
			);
			path = components;
			sourceTree = "<group>";
		};
/* End PBXGroup section */

/* Begin PBXNativeTarget section */
		E9C28CD829C4A75A00BE6D44 /* SB-Park-Card */ = {
			isa = PBXNativeTarget;
			buildConfigurationList = E9C28CE729C4A75B00BE6D44 /* Build configuration list for PBXNativeTarget "SB-Park-Card" */;
			buildPhases = (
				E9C28CD529C4A75A00BE6D44 /* Sources */,
				E9C28CD629C4A75A00BE6D44 /* Frameworks */,
				E9C28CD729C4A75A00BE6D44 /* Resources */,
			);
			buildRules = (
			);
			dependencies = (
			);
			name = "SB-Park-Card";
			productName = "SB-Park-Card";
			productReference = E9C28CD929C4A75A00BE6D44 /* SB-Park-Card.app */;
			productType = "com.apple.product-type.application";
		};
/* End PBXNativeTarget section */

/* Begin PBXProject section */
		E9C28CD129C4A75A00BE6D44 /* Project object */ = {
			isa = PBXProject;
			attributes = {
				BuildIndependentTargetsInParallel = 1;
				LastSwiftUpdateCheck = 1420;
				LastUpgradeCheck = 1420;
				TargetAttributes = {
					E9C28CD829C4A75A00BE6D44 = {
						CreatedOnToolsVersion = 14.2;
					};
				};
			};
			buildConfigurationList = E9C28CD429C4A75A00BE6D44 /* Build configuration list for PBXProject "SB-Park-Card" */;
			compatibilityVersion = "Xcode 14.0";
			developmentRegion = en;
			hasScannedForEncodings = 0;
			knownRegions = (
				en,
				Base,
			);
			mainGroup = E9C28CD029C4A75A00BE6D44;
			productRefGroup = E9C28CDA29C4A75A00BE6D44 /* Products */;
			projectDirPath = "";
			projectRoot = "";
			targets = (
				E9C28CD829C4A75A00BE6D44 /* SB-Park-Card */,
			);
		};
/* End PBXProject section */

/* Begin PBXResourcesBuildPhase section */
		E9C28CD729C4A75A00BE6D44 /* Resources */ = {
			isa = PBXResourcesBuildPhase;
			buildActionMask = 2147483647;
			files = (
				E9C28CE429C4A75B00BE6D44 /* Preview Assets.xcassets in Resources */,
				E9C28CF129C535D400BE6D44 /* Pacifico-Regular.ttf in Resources */,
				E9C28CE129C4A75B00BE6D44 /* Assets.xcassets in Resources */,
				E9C28CEE29C4B1BB00BE6D44 /* SingleDay-Regular.ttf in Resources */,
			);
			runOnlyForDeploymentPostprocessing = 0;
		};
/* End PBXResourcesBuildPhase section */

/* Begin PBXSourcesBuildPhase section */
		E9C28CD529C4A75A00BE6D44 /* Sources */ = {
			isa = PBXSourcesBuildPhase;
			buildActionMask = 2147483647;
			files = (
				E9C28CF429C5540200BE6D44 /* InfoView.swift in Sources */,
				E9C28CDF29C4A75A00BE6D44 /* ContentView.swift in Sources */,
				E9C28CDD29C4A75A00BE6D44 /* SB_Park_CardApp.swift in Sources */,
				E9C28CEB29C4A9D500BE6D44 /* Constants.swift in Sources */,
			);
			runOnlyForDeploymentPostprocessing = 0;
		};
/* End PBXSourcesBuildPhase section */

/* Begin XCBuildConfiguration section */
		E9C28CE529C4A75B00BE6D44 /* Debug */ = {
			isa = XCBuildConfiguration;
			buildSettings = {
				ALWAYS_SEARCH_USER_PATHS = NO;
				CLANG_ANALYZER_NONNULL = YES;
				CLANG_ANALYZER_NUMBER_OBJECT_CONVERSION = YES_AGGRESSIVE;
				CLANG_CXX_LANGUAGE_STANDARD = "gnu++20";
				CLANG_ENABLE_MODULES = YES;
				CLANG_ENABLE_OBJC_ARC = YES;
				CLANG_ENABLE_OBJC_WEAK = YES;
				CLANG_WARN_BLOCK_CAPTURE_AUTORELEASING = YES;
				CLANG_WARN_BOOL_CONVERSION = YES;
				CLANG_WARN_COMMA = YES;
				CLANG_WARN_CONSTANT_CONVERSION = YES;
				CLANG_WARN_DEPRECATED_OBJC_IMPLEMENTATIONS = YES;
				CLANG_WARN_DIRECT_OBJC_ISA_USAGE = YES_ERROR;
				CLANG_WARN_DOCUMENTATION_COMMENTS = YES;
				CLANG_WARN_EMPTY_BODY = YES;
				CLANG_WARN_ENUM_CONVERSION = YES;
				CLANG_WARN_INFINITE_RECURSION = YES;
				CLANG_WARN_INT_CONVERSION = YES;
				CLANG_WARN_NON_LITERAL_NULL_CONVERSION = YES;
				CLANG_WARN_OBJC_IMPLICIT_RETAIN_SELF = YES;
				CLANG_WARN_OBJC_LITERAL_CONVERSION = YES;
				CLANG_WARN_OBJC_ROOT_CLASS = YES_ERROR;
				CLANG_WARN_QUOTED_INCLUDE_IN_FRAMEWORK_HEADER = YES;
				CLANG_WARN_RANGE_LOOP_ANALYSIS = YES;
				CLANG_WARN_STRICT_PROTOTYPES = YES;
				CLANG_WARN_SUSPICIOUS_MOVE = YES;
				CLANG_WARN_UNGUARDED_AVAILABILITY = YES_AGGRESSIVE;
				CLANG_WARN_UNREACHABLE_CODE = YES;
				CLANG_WARN__DUPLICATE_METHOD_MATCH = YES;
				COPY_PHASE_STRIP = NO;
				DEBUG_INFORMATION_FORMAT = dwarf;
				ENABLE_STRICT_OBJC_MSGSEND = YES;
				ENABLE_TESTABILITY = YES;
				GCC_C_LANGUAGE_STANDARD = gnu11;
				GCC_DYNAMIC_NO_PIC = NO;
				GCC_NO_COMMON_BLOCKS = YES;
				GCC_OPTIMIZATION_LEVEL = 0;
				GCC_PREPROCESSOR_DEFINITIONS = (
					"DEBUG=1",
					"$(inherited)",
				);
				GCC_WARN_64_TO_32_BIT_CONVERSION = YES;
				GCC_WARN_ABOUT_RETURN_TYPE = YES_ERROR;
				GCC_WARN_UNDECLARED_SELECTOR = YES;
				GCC_WARN_UNINITIALIZED_AUTOS = YES_AGGRESSIVE;
				GCC_WARN_UNUSED_FUNCTION = YES;
				GCC_WARN_UNUSED_VARIABLE = YES;
				IPHONEOS_DEPLOYMENT_TARGET = 16.2;
				MTL_ENABLE_DEBUG_INFO = INCLUDE_SOURCE;
				MTL_FAST_MATH = YES;
				ONLY_ACTIVE_ARCH = YES;
				SDKROOT = iphoneos;
				SWIFT_ACTIVE_COMPILATION_CONDITIONS = DEBUG;
				SWIFT_OPTIMIZATION_LEVEL = "-Onone";
			};
			name = Debug;
		};
		E9C28CE629C4A75B00BE6D44 /* Release */ = {
			isa = XCBuildConfiguration;
			buildSettings = {
				ALWAYS_SEARCH_USER_PATHS = NO;
				CLANG_ANALYZER_NONNULL = YES;
				CLANG_ANALYZER_NUMBER_OBJECT_CONVERSION = YES_AGGRESSIVE;
				CLANG_CXX_LANGUAGE_STANDARD = "gnu++20";
				CLANG_ENABLE_MODULES = YES;
				CLANG_ENABLE_OBJC_ARC = YES;
				CLANG_ENABLE_OBJC_WEAK = YES;
				CLANG_WARN_BLOCK_CAPTURE_AUTORELEASING = YES;
				CLANG_WARN_BOOL_CONVERSION = YES;
				CLANG_WARN_COMMA = YES;
				CLANG_WARN_CONSTANT_CONVERSION = YES;
				CLANG_WARN_DEPRECATED_OBJC_IMPLEMENTATIONS = YES;
				CLANG_WARN_DIRECT_OBJC_ISA_USAGE = YES_ERROR;
				CLANG_WARN_DOCUMENTATION_COMMENTS = YES;
				CLANG_WARN_EMPTY_BODY = YES;
				CLANG_WARN_ENUM_CONVERSION = YES;
				CLANG_WARN_INFINITE_RECURSION = YES;
				CLANG_WARN_INT_CONVERSION = YES;
				CLANG_WARN_NON_LITERAL_NULL_CONVERSION = YES;
				CLANG_WARN_OBJC_IMPLICIT_RETAIN_SELF = YES;
				CLANG_WARN_OBJC_LITERAL_CONVERSION = YES;
				CLANG_WARN_OBJC_ROOT_CLASS = YES_ERROR;
				CLANG_WARN_QUOTED_INCLUDE_IN_FRAMEWORK_HEADER = YES;
				CLANG_WARN_RANGE_LOOP_ANALYSIS = YES;
				CLANG_WARN_STRICT_PROTOTYPES = YES;
				CLANG_WARN_SUSPICIOUS_MOVE = YES;
				CLANG_WARN_UNGUARDED_AVAILABILITY = YES_AGGRESSIVE;
				CLANG_WARN_UNREACHABLE_CODE = YES;
				CLANG_WARN__DUPLICATE_METHOD_MATCH = YES;
				COPY_PHASE_STRIP = NO;
				DEBUG_INFORMATION_FORMAT = "dwarf-with-dsym";
				ENABLE_NS_ASSERTIONS = NO;
				ENABLE_STRICT_OBJC_MSGSEND = YES;
				GCC_C_LANGUAGE_STANDARD = gnu11;
				GCC_NO_COMMON_BLOCKS = YES;
				GCC_WARN_64_TO_32_BIT_CONVERSION = YES;
				GCC_WARN_ABOUT_RETURN_TYPE = YES_ERROR;
				GCC_WARN_UNDECLARED_SELECTOR = YES;
				GCC_WARN_UNINITIALIZED_AUTOS = YES_AGGRESSIVE;
				GCC_WARN_UNUSED_FUNCTION = YES;
				GCC_WARN_UNUSED_VARIABLE = YES;
				IPHONEOS_DEPLOYMENT_TARGET = 16.2;
				MTL_ENABLE_DEBUG_INFO = NO;
				MTL_FAST_MATH = YES;
				SDKROOT = iphoneos;
				SWIFT_COMPILATION_MODE = wholemodule;
				SWIFT_OPTIMIZATION_LEVEL = "-O";
				VALIDATE_PRODUCT = YES;
			};
			name = Release;
		};
		E9C28CE829C4A75B00BE6D44 /* Debug */ = {
			isa = XCBuildConfiguration;
			buildSettings = {
				ASSETCATALOG_COMPILER_APPICON_NAME = AppIcon;
				ASSETCATALOG_COMPILER_GLOBAL_ACCENT_COLOR_NAME = AccentColor;
				CODE_SIGN_STYLE = Automatic;
				CURRENT_PROJECT_VERSION = 1;
				DEVELOPMENT_ASSET_PATHS = "\"SB-Park-Card/Preview Content\"";
				DEVELOPMENT_TEAM = 3396RBUT6V;
				ENABLE_PREVIEWS = YES;
				GENERATE_INFOPLIST_FILE = YES;
				INFOPLIST_FILE = "SB-Park-Card/Info.plist";
				INFOPLIST_KEY_UIApplicationSceneManifest_Generation = YES;
				INFOPLIST_KEY_UIApplicationSupportsIndirectInputEvents = YES;
				INFOPLIST_KEY_UILaunchScreen_Generation = YES;
				INFOPLIST_KEY_UISupportedInterfaceOrientations_iPad = "UIInterfaceOrientationPortrait UIInterfaceOrientationPortraitUpsideDown UIInterfaceOrientationLandscapeLeft UIInterfaceOrientationLandscapeRight";
				INFOPLIST_KEY_UISupportedInterfaceOrientations_iPhone = "UIInterfaceOrientationPortrait UIInterfaceOrientationLandscapeLeft UIInterfaceOrientationLandscapeRight";
				LD_RUNPATH_SEARCH_PATHS = (
					"$(inherited)",
					"@executable_path/Frameworks",
				);
				MARKETING_VERSION = 1.0;
				PRODUCT_BUNDLE_IDENTIFIER = "com.sbpark88.SB-Park-Card";
				PRODUCT_NAME = "$(TARGET_NAME)";
				SWIFT_EMIT_LOC_STRINGS = YES;
				SWIFT_VERSION = 5.0;
				TARGETED_DEVICE_FAMILY = "1,2";
			};
			name = Debug;
		};
		E9C28CE929C4A75B00BE6D44 /* Release */ = {
			isa = XCBuildConfiguration;
			buildSettings = {
				ASSETCATALOG_COMPILER_APPICON_NAME = AppIcon;
				ASSETCATALOG_COMPILER_GLOBAL_ACCENT_COLOR_NAME = AccentColor;
				CODE_SIGN_STYLE = Automatic;
				CURRENT_PROJECT_VERSION = 1;
				DEVELOPMENT_ASSET_PATHS = "\"SB-Park-Card/Preview Content\"";
				DEVELOPMENT_TEAM = 3396RBUT6V;
				ENABLE_PREVIEWS = YES;
				GENERATE_INFOPLIST_FILE = YES;
				INFOPLIST_FILE = "SB-Park-Card/Info.plist";
				INFOPLIST_KEY_UIApplicationSceneManifest_Generation = YES;
				INFOPLIST_KEY_UIApplicationSupportsIndirectInputEvents = YES;
				INFOPLIST_KEY_UILaunchScreen_Generation = YES;
				INFOPLIST_KEY_UISupportedInterfaceOrientations_iPad = "UIInterfaceOrientationPortrait UIInterfaceOrientationPortraitUpsideDown UIInterfaceOrientationLandscapeLeft UIInterfaceOrientationLandscapeRight";
				INFOPLIST_KEY_UISupportedInterfaceOrientations_iPhone = "UIInterfaceOrientationPortrait UIInterfaceOrientationLandscapeLeft UIInterfaceOrientationLandscapeRight";
				LD_RUNPATH_SEARCH_PATHS = (
					"$(inherited)",
					"@executable_path/Frameworks",
				);
				MARKETING_VERSION = 1.0;
				PRODUCT_BUNDLE_IDENTIFIER = "com.sbpark88.SB-Park-Card";
				PRODUCT_NAME = "$(TARGET_NAME)";
				SWIFT_EMIT_LOC_STRINGS = YES;
				SWIFT_VERSION = 5.0;
				TARGETED_DEVICE_FAMILY = "1,2";
			};
			name = Release;
		};
/* End XCBuildConfiguration section */

/* Begin XCConfigurationList section */
		E9C28CD429C4A75A00BE6D44 /* Build configuration list for PBXProject "SB-Park-Card" */ = {
			isa = XCConfigurationList;
			buildConfigurations = (
				E9C28CE529C4A75B00BE6D44 /* Debug */,
				E9C28CE629C4A75B00BE6D44 /* Release */,
			);
			defaultConfigurationIsVisible = 0;
			defaultConfigurationName = Release;
		};
		E9C28CE729C4A75B00BE6D44 /* Build configuration list for PBXNativeTarget "SB-Park-Card" */ = {
			isa = XCConfigurationList;
			buildConfigurations = (
				E9C28CE829C4A75B00BE6D44 /* Debug */,
				E9C28CE929C4A75B00BE6D44 /* Release */,
			);
			defaultConfigurationIsVisible = 0;
			defaultConfigurationName = Release;
		};
/* End XCConfigurationList section */
	};
	rootObject = E9C28CD129C4A75A00BE6D44 /* Project object */;
}
